# THIS IS AN AUTOGENERATED FILE. DO NOT EDIT THIS FILE DIRECTLY.
# yarn lockfile v1


"www@bitbucket:trollderiu_projects/would-you-rather":
  version "1.0"
  resolved "https://bitbucket.org/trollderiu_projects/would-you-rather/get/52b087eba63d6aa711881a90908a475da7d517bd.tar.gz"
  dependencies:
    "~commons" "bitbucket:trollderiu_projects/imagevote_public"

"~commons@bitbucket:trollderiu_projects/imagevote_public":
  version "1.0"
  resolved "https://bitbucket.org/trollderiu_projects/imagevote_public/get/cbae888d0c0948ab73464c377bee7782d5bd18d1.tar.gz"
